
Microsoft Visual Studio Solution File, Format Version 12.00
# Visual Studio Version 16
VisualStudioVersion = 16.0.29806.167
MinimumVisualStudioVersion = 10.0.40219.1
Project("{FAE04EC0-301F-11D3-BF4B-00C04F79EFBC}") = "Calculator", "Calculator\Calculator.csproj", "{D339B726-091E-4E35-AE27-D7358237938B}"
EndProject
Project("{9A19103F-16F7-4668-BE54-9A1E7A4F7556}") = "MathLibrary", "MathLibrary\MathLibrary.csproj", "{51EC16F8-6069-48C6-9F23-013794BED7B9}"
EndProject
Project("{9A19103F-16F7-4668-BE54-9A1E7A4F7556}") = "MathLibraryTests", "MathLibraryTests\MathLibraryTests.csproj", "{3BBFCA91-97F6-44A3-8037-68062E7026EC}"
EndProject
Project("{FAE04EC0-301F-11D3-BF4B-00C04F79EFBC}") = "ExprssionProcessor", "ExpressionProcessor\ExpressionProcessor.csproj", "{099D24CA-ECFF-4781-AE29-CB6FA499D45C}"
EndProject
Global
	GlobalSection(SolutionConfigurationPlatforms) = preSolution
		Debug|Any CPU = Debug|Any CPU
		Release|Any CPU = Release|Any CPU
	EndGlobalSection
	GlobalSection(ProjectConfigurationPlatforms) = postSolution
		{D339B726-091E-4E35-AE27-D7358237938B}.Debug|Any CPU.ActiveCfg = Debug|Any CPU
		{D339B726-091E-4E35-AE27-D7358237938B}.Debug|Any CPU.Build.0 = Debug|Any CPU
		{D339B726-091E-4E35-AE27-D7358237938B}.Release|Any CPU.ActiveCfg = Release|Any CPU
		{D339B726-091E-4E35-AE27-D7358237938B}.Release|Any CPU.Build.0 = Release|Any CPU
		{51EC16F8-6069-48C6-9F23-013794BED7B9}.Debug|Any CPU.ActiveCfg = Debug|Any CPU
		{51EC16F8-6069-48C6-9F23-013794BED7B9}.Debug|Any CPU.Build.0 = Debug|Any CPU
		{51EC16F8-6069-48C6-9F23-013794BED7B9}.Release|Any CPU.ActiveCfg = Release|Any CPU
		{51EC16F8-6069-48C6-9F23-013794BED7B9}.Release|Any CPU.Build.0 = Release|Any CPU
		{3BBFCA91-97F6-44A3-8037-68062E7026EC}.Debug|Any CPU.ActiveCfg = Debug|Any CPU
		{3BBFCA91-97F6-44A3-8037-68062E7026EC}.Debug|Any CPU.Build.0 = Debug|Any CPU
		{3BBFCA91-97F6-44A3-8037-68062E7026EC}.Release|Any CPU.ActiveCfg = Release|Any CPU
		{3BBFCA91-97F6-44A3-8037-68062E7026EC}.Release|Any CPU.Build.0 = Release|Any CPU
		{099D24CA-ECFF-4781-AE29-CB6FA499D45C}.Debug|Any CPU.ActiveCfg = Debug|Any CPU
		{099D24CA-ECFF-4781-AE29-CB6FA499D45C}.Debug|Any CPU.Build.0 = Debug|Any CPU
		{099D24CA-ECFF-4781-AE29-CB6FA499D45C}.Release|Any CPU.ActiveCfg = Release|Any CPU
		{099D24CA-ECFF-4781-AE29-CB6FA499D45C}.Release|Any CPU.Build.0 = Release|Any CPU
	EndGlobalSection
	GlobalSection(SolutionProperties) = preSolution
		HideSolutionNode = FALSE
	EndGlobalSection
	GlobalSection(ExtensibilityGlobals) = postSolution
		SolutionGuid = {8613A86B-2B9D-48D2-B654-9E9C4C606D04}
	EndGlobalSection
EndGlobal
