
Microsoft Visual Studio Solution File, Format Version 12.00
# Visual Studio Version 16
VisualStudioVersion = 16.0.29806.167
MinimumVisualStudioVersion = 10.0.40219.1
Project("{9A19103F-16F7-4668-BE54-9A1E7A4F7556}") = "Calculator", "Calculator\Calculator.csproj", "{D339B726-091E-4E35-AE27-D7358237938B}"
EndProject
Project("{9A19103F-16F7-4668-BE54-9A1E7A4F7556}") = "ExpressionProcessor", "ExpressionProcessor\ExpressionProcessor.csproj", "{8C2E62B2-1C38-49F6-8FBE-8B459B052918}"
EndProject
Project("{9A19103F-16F7-4668-BE54-9A1E7A4F7556}") = "MathLibrary", "MathLibrary\MathLibrary.csproj", "{416071AE-8BAC-4552-BFA1-881731A792D5}"
EndProject
Project("{9A19103F-16F7-4668-BE54-9A1E7A4F7556}") = "MathLibraryTests", "MathLibraryTests\MathLibraryTests.csproj", "{53C339D5-4281-4C35-B77D-88E5F42C25D8}"
EndProject
Project("{9A19103F-16F7-4668-BE54-9A1E7A4F7556}") = "StandardDeviation", "StandardDeviation\StandardDeviation.csproj", "{8EEA442B-7583-43D7-B5BF-5CE9F42D6A48}"
EndProject
Project("{930C7802-8A8C-48F9-8165-68863BCCD9DD}") = "Calculator.Installer", "Calculator.Installer\Calculator.Installer.wixproj", "{E3D87B7F-0F96-418B-A0BC-23FDAE164E71}"
EndProject
Global
	GlobalSection(SolutionConfigurationPlatforms) = preSolution
		Debug|Any CPU = Debug|Any CPU
		Debug|x64 = Debug|x64
		Debug|x86 = Debug|x86
		Release|Any CPU = Release|Any CPU
		Release|x64 = Release|x64
		Release|x86 = Release|x86
	EndGlobalSection
	GlobalSection(ProjectConfigurationPlatforms) = postSolution
		{D339B726-091E-4E35-AE27-D7358237938B}.Debug|Any CPU.ActiveCfg = Debug|Any CPU
		{D339B726-091E-4E35-AE27-D7358237938B}.Debug|Any CPU.Build.0 = Debug|Any CPU
		{D339B726-091E-4E35-AE27-D7358237938B}.Debug|x64.ActiveCfg = Debug|x64
		{D339B726-091E-4E35-AE27-D7358237938B}.Debug|x64.Build.0 = Debug|x64
		{D339B726-091E-4E35-AE27-D7358237938B}.Debug|x86.ActiveCfg = Debug|Any CPU
		{D339B726-091E-4E35-AE27-D7358237938B}.Debug|x86.Build.0 = Debug|Any CPU
		{D339B726-091E-4E35-AE27-D7358237938B}.Release|Any CPU.ActiveCfg = Release|Any CPU
		{D339B726-091E-4E35-AE27-D7358237938B}.Release|Any CPU.Build.0 = Release|Any CPU
		{D339B726-091E-4E35-AE27-D7358237938B}.Release|x64.ActiveCfg = Release|x64
		{D339B726-091E-4E35-AE27-D7358237938B}.Release|x64.Build.0 = Release|x64
		{D339B726-091E-4E35-AE27-D7358237938B}.Release|x86.ActiveCfg = Release|Any CPU
		{D339B726-091E-4E35-AE27-D7358237938B}.Release|x86.Build.0 = Release|Any CPU
		{8C2E62B2-1C38-49F6-8FBE-8B459B052918}.Debug|Any CPU.ActiveCfg = Debug|Any CPU
		{8C2E62B2-1C38-49F6-8FBE-8B459B052918}.Debug|Any CPU.Build.0 = Debug|Any CPU
		{8C2E62B2-1C38-49F6-8FBE-8B459B052918}.Debug|x64.ActiveCfg = Debug|Any CPU
		{8C2E62B2-1C38-49F6-8FBE-8B459B052918}.Debug|x64.Build.0 = Debug|Any CPU
		{8C2E62B2-1C38-49F6-8FBE-8B459B052918}.Debug|x86.ActiveCfg = Debug|Any CPU
		{8C2E62B2-1C38-49F6-8FBE-8B459B052918}.Debug|x86.Build.0 = Debug|Any CPU
		{8C2E62B2-1C38-49F6-8FBE-8B459B052918}.Release|Any CPU.ActiveCfg = Release|Any CPU
		{8C2E62B2-1C38-49F6-8FBE-8B459B052918}.Release|Any CPU.Build.0 = Release|Any CPU
		{8C2E62B2-1C38-49F6-8FBE-8B459B052918}.Release|x64.ActiveCfg = Release|Any CPU
		{8C2E62B2-1C38-49F6-8FBE-8B459B052918}.Release|x64.Build.0 = Release|Any CPU
		{8C2E62B2-1C38-49F6-8FBE-8B459B052918}.Release|x86.ActiveCfg = Release|Any CPU
		{8C2E62B2-1C38-49F6-8FBE-8B459B052918}.Release|x86.Build.0 = Release|Any CPU
		{416071AE-8BAC-4552-BFA1-881731A792D5}.Debug|Any CPU.ActiveCfg = Debug|Any CPU
		{416071AE-8BAC-4552-BFA1-881731A792D5}.Debug|Any CPU.Build.0 = Debug|Any CPU
		{416071AE-8BAC-4552-BFA1-881731A792D5}.Debug|x64.ActiveCfg = Debug|Any CPU
		{416071AE-8BAC-4552-BFA1-881731A792D5}.Debug|x64.Build.0 = Debug|Any CPU
		{416071AE-8BAC-4552-BFA1-881731A792D5}.Debug|x86.ActiveCfg = Debug|Any CPU
		{416071AE-8BAC-4552-BFA1-881731A792D5}.Debug|x86.Build.0 = Debug|Any CPU
		{416071AE-8BAC-4552-BFA1-881731A792D5}.Release|Any CPU.ActiveCfg = Release|Any CPU
		{416071AE-8BAC-4552-BFA1-881731A792D5}.Release|Any CPU.Build.0 = Release|Any CPU
		{416071AE-8BAC-4552-BFA1-881731A792D5}.Release|x64.ActiveCfg = Release|Any CPU
		{416071AE-8BAC-4552-BFA1-881731A792D5}.Release|x64.Build.0 = Release|Any CPU
		{416071AE-8BAC-4552-BFA1-881731A792D5}.Release|x86.ActiveCfg = Release|Any CPU
		{416071AE-8BAC-4552-BFA1-881731A792D5}.Release|x86.Build.0 = Release|Any CPU
		{53C339D5-4281-4C35-B77D-88E5F42C25D8}.Debug|Any CPU.ActiveCfg = Debug|Any CPU
		{53C339D5-4281-4C35-B77D-88E5F42C25D8}.Debug|Any CPU.Build.0 = Debug|Any CPU
		{53C339D5-4281-4C35-B77D-88E5F42C25D8}.Debug|x64.ActiveCfg = Debug|Any CPU
		{53C339D5-4281-4C35-B77D-88E5F42C25D8}.Debug|x64.Build.0 = Debug|Any CPU
		{53C339D5-4281-4C35-B77D-88E5F42C25D8}.Debug|x86.ActiveCfg = Debug|Any CPU
		{53C339D5-4281-4C35-B77D-88E5F42C25D8}.Debug|x86.Build.0 = Debug|Any CPU
		{53C339D5-4281-4C35-B77D-88E5F42C25D8}.Release|Any CPU.ActiveCfg = Release|Any CPU
		{53C339D5-4281-4C35-B77D-88E5F42C25D8}.Release|Any CPU.Build.0 = Release|Any CPU
		{53C339D5-4281-4C35-B77D-88E5F42C25D8}.Release|x64.ActiveCfg = Release|Any CPU
		{53C339D5-4281-4C35-B77D-88E5F42C25D8}.Release|x64.Build.0 = Release|Any CPU
		{53C339D5-4281-4C35-B77D-88E5F42C25D8}.Release|x86.ActiveCfg = Release|Any CPU
		{53C339D5-4281-4C35-B77D-88E5F42C25D8}.Release|x86.Build.0 = Release|Any CPU
		{8EEA442B-7583-43D7-B5BF-5CE9F42D6A48}.Debug|Any CPU.ActiveCfg = Debug|Any CPU
		{8EEA442B-7583-43D7-B5BF-5CE9F42D6A48}.Debug|Any CPU.Build.0 = Debug|Any CPU
		{8EEA442B-7583-43D7-B5BF-5CE9F42D6A48}.Debug|x64.ActiveCfg = Debug|Any CPU
		{8EEA442B-7583-43D7-B5BF-5CE9F42D6A48}.Debug|x64.Build.0 = Debug|Any CPU
		{8EEA442B-7583-43D7-B5BF-5CE9F42D6A48}.Debug|x86.ActiveCfg = Debug|Any CPU
		{8EEA442B-7583-43D7-B5BF-5CE9F42D6A48}.Debug|x86.Build.0 = Debug|Any CPU
		{8EEA442B-7583-43D7-B5BF-5CE9F42D6A48}.Release|Any CPU.ActiveCfg = Release|Any CPU
		{8EEA442B-7583-43D7-B5BF-5CE9F42D6A48}.Release|Any CPU.Build.0 = Release|Any CPU
		{8EEA442B-7583-43D7-B5BF-5CE9F42D6A48}.Release|x64.ActiveCfg = Release|Any CPU
		{8EEA442B-7583-43D7-B5BF-5CE9F42D6A48}.Release|x64.Build.0 = Release|Any CPU
		{8EEA442B-7583-43D7-B5BF-5CE9F42D6A48}.Release|x86.ActiveCfg = Release|Any CPU
		{8EEA442B-7583-43D7-B5BF-5CE9F42D6A48}.Release|x86.Build.0 = Release|Any CPU
		{E3D87B7F-0F96-418B-A0BC-23FDAE164E71}.Debug|Any CPU.ActiveCfg = Debug|x86
		{E3D87B7F-0F96-418B-A0BC-23FDAE164E71}.Debug|x64.ActiveCfg = Debug|x64
		{E3D87B7F-0F96-418B-A0BC-23FDAE164E71}.Debug|x86.ActiveCfg = Debug|x86
		{E3D87B7F-0F96-418B-A0BC-23FDAE164E71}.Release|Any CPU.ActiveCfg = Release|x86
		{E3D87B7F-0F96-418B-A0BC-23FDAE164E71}.Release|x64.ActiveCfg = Release|x64
		{E3D87B7F-0F96-418B-A0BC-23FDAE164E71}.Release|x86.ActiveCfg = Release|x86
		{E3D87B7F-0F96-418B-A0BC-23FDAE164E71}.Release|x86.Build.0 = Release|x86
	EndGlobalSection
	GlobalSection(SolutionProperties) = preSolution
		HideSolutionNode = FALSE
	EndGlobalSection
	GlobalSection(ExtensibilityGlobals) = postSolution
		SolutionGuid = {8613A86B-2B9D-48D2-B654-9E9C4C606D04}
	EndGlobalSection
EndGlobal
